
Microsoft Visual Studio Solution File, Format Version 12.00
# Visual Studio Version 17
VisualStudioVersion = 17.4.33213.308
MinimumVisualStudioVersion = 10.0.40219.1
Project("{9A19103F-16F7-4668-BE54-9A1E7A4F7556}") = "FindTheBomb", "FindTheBomb\FindTheBomb.csproj", "{98B11CC7-C773-4F14-9FE7-5FC029220E4A}"
EndProject
Project("{FAE04EC0-301F-11D3-BF4B-00C04F79EFBC}") = "ReverseAndNot", "ReverseAndNot\ReverseAndNot.csproj", "{219F4FD1-D70B-4323-A560-1DFF2D7B6F77}"
EndProject
Project("{FAE04EC0-301F-11D3-BF4B-00C04F79EFBC}") = "CountLettersDigits", "CountLettersDigits\CountLettersDigits.csproj", "{8D45F58C-B9AE-43F0-91D9-3D74E63DB2FF}"
EndProject
Project("{FAE04EC0-301F-11D3-BF4B-00C04F79EFBC}") = "ReturnIndexAllCapitalLetters", "ReturnIndexAllCapitalLetters\ReturnIndexAllCapitalLetters.csproj", "{A29CFACF-7852-474F-B8E1-71F252859FE7}"
EndProject
Project("{FAE04EC0-301F-11D3-BF4B-00C04F79EFBC}") = "Working9To5", "Working9To5\Working9To5.csproj", "{155CBF8E-5F55-4863-9E4C-FF72F6201356}"
EndProject
Project("{FAE04EC0-301F-11D3-BF4B-00C04F79EFBC}") = "ArrayOfMultiples", "ArrayOfMultiples\ArrayOfMultiples.csproj", "{E7AB9407-DE3E-4C30-A2F4-E2F1CE1A1BDD}"
EndProject
Project("{9A19103F-16F7-4668-BE54-9A1E7A4F7556}") = "ReturnExponentsPrimeFactors", "ReturnExponentsPrimeFactors\ReturnExponentsPrimeFactors.csproj", "{CB1EF6C6-7928-4819-A126-ED3E7B167364}"
EndProject
Project("{9A19103F-16F7-4668-BE54-9A1E7A4F7556}") = "CensoredStrings", "CensoredStrings\CensoredStrings.csproj", "{15CC6C54-44D1-4862-99C3-CDFEC8D9817E}"
EndProject
Project("{FAE04EC0-301F-11D3-BF4B-00C04F79EFBC}") = "ImaginaryCodingInterview", "ImaginaryCodingInterview\ImaginaryCodingInterview.csproj", "{DD90BD43-B359-421E-8189-1C6D19111E37}"
EndProject
Project("{FAE04EC0-301F-11D3-BF4B-00C04F79EFBC}") = "SimplifiedFractions", "SimplifiedFractions\SimplifiedFractions.csproj", "{4857A6D9-2D2E-420C-A760-111BB12B5BBA}"
EndProject
Project("{FAE04EC0-301F-11D3-BF4B-00C04F79EFBC}") = "EnglishtoPigLatinµTranslator", "EnglishtoPigLatinµTranslator\EnglishtoPigLatinµTranslator.csproj", "{21F46E3E-CD7D-44FF-AD7A-E6070C941BB9}"
EndProject
Project("{FAE04EC0-301F-11D3-BF4B-00C04F79EFBC}") = "PasswordValidation", "PasswordValidation\PasswordValidation.csproj", "{62931809-123D-4A8E-9570-711D67D6440C}"
EndProject
Project("{9A19103F-16F7-4668-BE54-9A1E7A4F7556}") = "TheFiscalCode", "TheFiscalCode\TheFiscalCode.csproj", "{0EAD4928-1172-4F74-9770-E5E469EFE97C}"
EndProject
Project("{FAE04EC0-301F-11D3-BF4B-00C04F79EFBC}") = "ATMPINCodeValidation", "ATMPINCodeValidation\ATMPINCodeValidation.csproj", "{A8CC333D-DE3F-42C7-AC70-26740D6F3B36}"
EndProject
Project("{9A19103F-16F7-4668-BE54-9A1E7A4F7556}") = "SmoothSentences", "SmoothSentences\SmoothSentences.csproj", "{FA7BC71F-E0CC-4447-8B34-1CFF9682219F}"
EndProject
Project("{9A19103F-16F7-4668-BE54-9A1E7A4F7556}") = "PokerHandRanking", "PokerHandRanking\PokerHandRanking.csproj", "{D6DB535C-37F0-4CA1-930C-C8F0B296B628}"
EndProject
Project("{9A19103F-16F7-4668-BE54-9A1E7A4F7556}") = "TheQueensProblem", "TheQueensProblem\TheQueensProblem.csproj", "{B7B592BE-6368-4CD2-B1C9-6DBFC47F9D8E}"
EndProject
Project("{FAE04EC0-301F-11D3-BF4B-00C04F79EFBC}") = "WC_Clone", "WC_Clone\WC_Clone.csproj", "{36660B7D-AE30-46D6-8D91-DF39C1A030C5}"
EndProject
Global
	GlobalSection(SolutionConfigurationPlatforms) = preSolution
		Debug|Any CPU = Debug|Any CPU
		Release|Any CPU = Release|Any CPU
	EndGlobalSection
	GlobalSection(ProjectConfigurationPlatforms) = postSolution
		{98B11CC7-C773-4F14-9FE7-5FC029220E4A}.Debug|Any CPU.ActiveCfg = Debug|Any CPU
		{98B11CC7-C773-4F14-9FE7-5FC029220E4A}.Debug|Any CPU.Build.0 = Debug|Any CPU
		{98B11CC7-C773-4F14-9FE7-5FC029220E4A}.Release|Any CPU.ActiveCfg = Release|Any CPU
		{98B11CC7-C773-4F14-9FE7-5FC029220E4A}.Release|Any CPU.Build.0 = Release|Any CPU
		{219F4FD1-D70B-4323-A560-1DFF2D7B6F77}.Debug|Any CPU.ActiveCfg = Debug|Any CPU
		{219F4FD1-D70B-4323-A560-1DFF2D7B6F77}.Debug|Any CPU.Build.0 = Debug|Any CPU
		{219F4FD1-D70B-4323-A560-1DFF2D7B6F77}.Release|Any CPU.ActiveCfg = Release|Any CPU
		{219F4FD1-D70B-4323-A560-1DFF2D7B6F77}.Release|Any CPU.Build.0 = Release|Any CPU
		{8D45F58C-B9AE-43F0-91D9-3D74E63DB2FF}.Debug|Any CPU.ActiveCfg = Debug|Any CPU
		{8D45F58C-B9AE-43F0-91D9-3D74E63DB2FF}.Debug|Any CPU.Build.0 = Debug|Any CPU
		{8D45F58C-B9AE-43F0-91D9-3D74E63DB2FF}.Release|Any CPU.ActiveCfg = Release|Any CPU
		{8D45F58C-B9AE-43F0-91D9-3D74E63DB2FF}.Release|Any CPU.Build.0 = Release|Any CPU
		{A29CFACF-7852-474F-B8E1-71F252859FE7}.Debug|Any CPU.ActiveCfg = Debug|Any CPU
		{A29CFACF-7852-474F-B8E1-71F252859FE7}.Debug|Any CPU.Build.0 = Debug|Any CPU
		{A29CFACF-7852-474F-B8E1-71F252859FE7}.Release|Any CPU.ActiveCfg = Release|Any CPU
		{A29CFACF-7852-474F-B8E1-71F252859FE7}.Release|Any CPU.Build.0 = Release|Any CPU
		{155CBF8E-5F55-4863-9E4C-FF72F6201356}.Debug|Any CPU.ActiveCfg = Debug|Any CPU
		{155CBF8E-5F55-4863-9E4C-FF72F6201356}.Debug|Any CPU.Build.0 = Debug|Any CPU
		{155CBF8E-5F55-4863-9E4C-FF72F6201356}.Release|Any CPU.ActiveCfg = Release|Any CPU
		{155CBF8E-5F55-4863-9E4C-FF72F6201356}.Release|Any CPU.Build.0 = Release|Any CPU
		{E7AB9407-DE3E-4C30-A2F4-E2F1CE1A1BDD}.Debug|Any CPU.ActiveCfg = Debug|Any CPU
		{E7AB9407-DE3E-4C30-A2F4-E2F1CE1A1BDD}.Debug|Any CPU.Build.0 = Debug|Any CPU
		{E7AB9407-DE3E-4C30-A2F4-E2F1CE1A1BDD}.Release|Any CPU.ActiveCfg = Release|Any CPU
		{E7AB9407-DE3E-4C30-A2F4-E2F1CE1A1BDD}.Release|Any CPU.Build.0 = Release|Any CPU
		{CB1EF6C6-7928-4819-A126-ED3E7B167364}.Debug|Any CPU.ActiveCfg = Debug|Any CPU
		{CB1EF6C6-7928-4819-A126-ED3E7B167364}.Debug|Any CPU.Build.0 = Debug|Any CPU
		{CB1EF6C6-7928-4819-A126-ED3E7B167364}.Release|Any CPU.ActiveCfg = Release|Any CPU
		{CB1EF6C6-7928-4819-A126-ED3E7B167364}.Release|Any CPU.Build.0 = Release|Any CPU
		{15CC6C54-44D1-4862-99C3-CDFEC8D9817E}.Debug|Any CPU.ActiveCfg = Debug|Any CPU
		{15CC6C54-44D1-4862-99C3-CDFEC8D9817E}.Debug|Any CPU.Build.0 = Debug|Any CPU
		{15CC6C54-44D1-4862-99C3-CDFEC8D9817E}.Release|Any CPU.ActiveCfg = Release|Any CPU
		{15CC6C54-44D1-4862-99C3-CDFEC8D9817E}.Release|Any CPU.Build.0 = Release|Any CPU
		{DD90BD43-B359-421E-8189-1C6D19111E37}.Debug|Any CPU.ActiveCfg = Debug|Any CPU
		{DD90BD43-B359-421E-8189-1C6D19111E37}.Debug|Any CPU.Build.0 = Debug|Any CPU
		{DD90BD43-B359-421E-8189-1C6D19111E37}.Release|Any CPU.ActiveCfg = Release|Any CPU
		{DD90BD43-B359-421E-8189-1C6D19111E37}.Release|Any CPU.Build.0 = Release|Any CPU
		{4857A6D9-2D2E-420C-A760-111BB12B5BBA}.Debug|Any CPU.ActiveCfg = Debug|Any CPU
		{4857A6D9-2D2E-420C-A760-111BB12B5BBA}.Debug|Any CPU.Build.0 = Debug|Any CPU
		{4857A6D9-2D2E-420C-A760-111BB12B5BBA}.Release|Any CPU.ActiveCfg = Release|Any CPU
		{4857A6D9-2D2E-420C-A760-111BB12B5BBA}.Release|Any CPU.Build.0 = Release|Any CPU
		{21F46E3E-CD7D-44FF-AD7A-E6070C941BB9}.Debug|Any CPU.ActiveCfg = Debug|Any CPU
		{21F46E3E-CD7D-44FF-AD7A-E6070C941BB9}.Debug|Any CPU.Build.0 = Debug|Any CPU
		{21F46E3E-CD7D-44FF-AD7A-E6070C941BB9}.Release|Any CPU.ActiveCfg = Release|Any CPU
		{21F46E3E-CD7D-44FF-AD7A-E6070C941BB9}.Release|Any CPU.Build.0 = Release|Any CPU
		{62931809-123D-4A8E-9570-711D67D6440C}.Debug|Any CPU.ActiveCfg = Debug|Any CPU
		{62931809-123D-4A8E-9570-711D67D6440C}.Debug|Any CPU.Build.0 = Debug|Any CPU
		{62931809-123D-4A8E-9570-711D67D6440C}.Release|Any CPU.ActiveCfg = Release|Any CPU
		{62931809-123D-4A8E-9570-711D67D6440C}.Release|Any CPU.Build.0 = Release|Any CPU
		{0EAD4928-1172-4F74-9770-E5E469EFE97C}.Debug|Any CPU.ActiveCfg = Debug|Any CPU
		{0EAD4928-1172-4F74-9770-E5E469EFE97C}.Debug|Any CPU.Build.0 = Debug|Any CPU
		{0EAD4928-1172-4F74-9770-E5E469EFE97C}.Release|Any CPU.ActiveCfg = Release|Any CPU
		{0EAD4928-1172-4F74-9770-E5E469EFE97C}.Release|Any CPU.Build.0 = Release|Any CPU
		{A8CC333D-DE3F-42C7-AC70-26740D6F3B36}.Debug|Any CPU.ActiveCfg = Debug|Any CPU
		{A8CC333D-DE3F-42C7-AC70-26740D6F3B36}.Debug|Any CPU.Build.0 = Debug|Any CPU
		{A8CC333D-DE3F-42C7-AC70-26740D6F3B36}.Release|Any CPU.ActiveCfg = Release|Any CPU
		{A8CC333D-DE3F-42C7-AC70-26740D6F3B36}.Release|Any CPU.Build.0 = Release|Any CPU
		{FA7BC71F-E0CC-4447-8B34-1CFF9682219F}.Debug|Any CPU.ActiveCfg = Debug|Any CPU
		{FA7BC71F-E0CC-4447-8B34-1CFF9682219F}.Debug|Any CPU.Build.0 = Debug|Any CPU
		{FA7BC71F-E0CC-4447-8B34-1CFF9682219F}.Release|Any CPU.ActiveCfg = Release|Any CPU
		{FA7BC71F-E0CC-4447-8B34-1CFF9682219F}.Release|Any CPU.Build.0 = Release|Any CPU
		{D6DB535C-37F0-4CA1-930C-C8F0B296B628}.Debug|Any CPU.ActiveCfg = Debug|Any CPU
		{D6DB535C-37F0-4CA1-930C-C8F0B296B628}.Debug|Any CPU.Build.0 = Debug|Any CPU
		{D6DB535C-37F0-4CA1-930C-C8F0B296B628}.Release|Any CPU.ActiveCfg = Release|Any CPU
		{D6DB535C-37F0-4CA1-930C-C8F0B296B628}.Release|Any CPU.Build.0 = Release|Any CPU
		{B7B592BE-6368-4CD2-B1C9-6DBFC47F9D8E}.Debug|Any CPU.ActiveCfg = Debug|Any CPU
		{B7B592BE-6368-4CD2-B1C9-6DBFC47F9D8E}.Debug|Any CPU.Build.0 = Debug|Any CPU
		{B7B592BE-6368-4CD2-B1C9-6DBFC47F9D8E}.Release|Any CPU.ActiveCfg = Release|Any CPU
		{B7B592BE-6368-4CD2-B1C9-6DBFC47F9D8E}.Release|Any CPU.Build.0 = Release|Any CPU
		{36660B7D-AE30-46D6-8D91-DF39C1A030C5}.Debug|Any CPU.ActiveCfg = Debug|Any CPU
		{36660B7D-AE30-46D6-8D91-DF39C1A030C5}.Debug|Any CPU.Build.0 = Debug|Any CPU
		{36660B7D-AE30-46D6-8D91-DF39C1A030C5}.Release|Any CPU.ActiveCfg = Release|Any CPU
		{36660B7D-AE30-46D6-8D91-DF39C1A030C5}.Release|Any CPU.Build.0 = Release|Any CPU
	EndGlobalSection
	GlobalSection(SolutionProperties) = preSolution
		HideSolutionNode = FALSE
	EndGlobalSection
	GlobalSection(ExtensibilityGlobals) = postSolution
		SolutionGuid = {64C9FF67-4CC0-4B36-84CE-E3CB6C89C43E}
	EndGlobalSection
EndGlobal
